
Microsoft Visual Studio Solution File, Format Version 12.00
# Visual Studio Version 17
VisualStudioVersion = 17.10.35013.160
MinimumVisualStudioVersion = 10.0.40219.1
Project("{FAE04EC0-301F-11D3-BF4B-00C04F79EFBC}") = "Practica2", "Practica2\Practica2.csproj", "{52F13BC8-4693-4CB4-9888-07972872C6D3}"
EndProject
Project("{FAE04EC0-301F-11D3-BF4B-00C04F79EFBC}") = "Practica2ConCanvas", "Practica2 - version Canvas\Practica2ConCanvas.csproj", "{7291963A-ABE4-4AFA-B312-50E97CC3FDBF}"
EndProject
Global
	GlobalSection(SolutionConfigurationPlatforms) = preSolution
		Debug|Any CPU = Debug|Any CPU
		Release|Any CPU = Release|Any CPU
	EndGlobalSection
	GlobalSection(ProjectConfigurationPlatforms) = postSolution
		{52F13BC8-4693-4CB4-9888-07972872C6D3}.Debug|Any CPU.ActiveCfg = Debug|Any CPU
		{52F13BC8-4693-4CB4-9888-07972872C6D3}.Debug|Any CPU.Build.0 = Debug|Any CPU
		{52F13BC8-4693-4CB4-9888-07972872C6D3}.Release|Any CPU.ActiveCfg = Release|Any CPU
		{52F13BC8-4693-4CB4-9888-07972872C6D3}.Release|Any CPU.Build.0 = Release|Any CPU
		{7291963A-ABE4-4AFA-B312-50E97CC3FDBF}.Debug|Any CPU.ActiveCfg = Debug|Any CPU
		{7291963A-ABE4-4AFA-B312-50E97CC3FDBF}.Debug|Any CPU.Build.0 = Debug|Any CPU
		{7291963A-ABE4-4AFA-B312-50E97CC3FDBF}.Release|Any CPU.ActiveCfg = Release|Any CPU
		{7291963A-ABE4-4AFA-B312-50E97CC3FDBF}.Release|Any CPU.Build.0 = Release|Any CPU
	EndGlobalSection
	GlobalSection(SolutionProperties) = preSolution
		HideSolutionNode = FALSE
	EndGlobalSection
	GlobalSection(ExtensibilityGlobals) = postSolution
		SolutionGuid = {64FAD99C-B558-4755-91FB-07ED5F887B84}
	EndGlobalSection
EndGlobal
